
Microsoft Visual Studio Solution File, Format Version 12.00
# Visual Studio Version 17
VisualStudioVersion = 17.14.36429.23 d17.14
MinimumVisualStudioVersion = 10.0.40219.1
Project("{54A90642-561A-4BB1-A94E-469ADEE60C69}") = "mama_frontend", "MaMa_Frontend\mama_frontend.esproj", "{4148A6B8-D3AE-EBFC-327F-8FF2CD7D970E}"
EndProject
Global
	GlobalSection(SolutionConfigurationPlatforms) = preSolution
		Debug|Any CPU = Debug|Any CPU
		Release|Any CPU = Release|Any CPU
	EndGlobalSection
	GlobalSection(ProjectConfigurationPlatforms) = postSolution
		{4148A6B8-D3AE-EBFC-327F-8FF2CD7D970E}.Debug|Any CPU.ActiveCfg = Debug|Any CPU
		{4148A6B8-D3AE-EBFC-327F-8FF2CD7D970E}.Debug|Any CPU.Build.0 = Debug|Any CPU
		{4148A6B8-D3AE-EBFC-327F-8FF2CD7D970E}.Debug|Any CPU.Deploy.0 = Debug|Any CPU
		{4148A6B8-D3AE-EBFC-327F-8FF2CD7D970E}.Release|Any CPU.ActiveCfg = Release|Any CPU
		{4148A6B8-D3AE-EBFC-327F-8FF2CD7D970E}.Release|Any CPU.Build.0 = Release|Any CPU
		{4148A6B8-D3AE-EBFC-327F-8FF2CD7D970E}.Release|Any CPU.Deploy.0 = Release|Any CPU
	EndGlobalSection
	GlobalSection(SolutionProperties) = preSolution
		HideSolutionNode = FALSE
	EndGlobalSection
	GlobalSection(ExtensibilityGlobals) = postSolution
		SolutionGuid = {E167978C-2C59-466F-A83C-862D9EFB12AF}
	EndGlobalSection
EndGlobal
